
Microsoft Visual Studio Solution File, Format Version 12.00
# Visual Studio Version 17
VisualStudioVersion = 17.14.36127.28
MinimumVisualStudioVersion = 10.0.40219.1
Project("{FAE04EC0-301F-11D3-BF4B-00C04F79EFBC}") = "TodoItems_Beyond", "TodoItems_Beyond\TodoItems_Beyond.csproj", "{580DFBC8-1C0A-44C9-A95D-0180F3B8DDF5}"
EndProject
Project("{FAE04EC0-301F-11D3-BF4B-00C04F79EFBC}") = "TodoListTest", "TodoListTest\TodoListTest.csproj", "{28D89675-24D2-4573-9769-CB030068E71D}"
EndProject
Project("{FAE04EC0-301F-11D3-BF4B-00C04F79EFBC}") = "Todo_Api_Beyond", "Todo_Api_Beyond\Todo_Api_Beyond.csproj", "{C9100AF8-F5DB-43CA-A8E9-D3753F3E8063}"
EndProject
Global
	GlobalSection(SolutionConfigurationPlatforms) = preSolution
		Debug|Any CPU = Debug|Any CPU
		Release|Any CPU = Release|Any CPU
	EndGlobalSection
	GlobalSection(ProjectConfigurationPlatforms) = postSolution
		{580DFBC8-1C0A-44C9-A95D-0180F3B8DDF5}.Debug|Any CPU.ActiveCfg = Debug|Any CPU
		{580DFBC8-1C0A-44C9-A95D-0180F3B8DDF5}.Debug|Any CPU.Build.0 = Debug|Any CPU
		{580DFBC8-1C0A-44C9-A95D-0180F3B8DDF5}.Release|Any CPU.ActiveCfg = Release|Any CPU
		{580DFBC8-1C0A-44C9-A95D-0180F3B8DDF5}.Release|Any CPU.Build.0 = Release|Any CPU
		{28D89675-24D2-4573-9769-CB030068E71D}.Debug|Any CPU.ActiveCfg = Debug|Any CPU
		{28D89675-24D2-4573-9769-CB030068E71D}.Debug|Any CPU.Build.0 = Debug|Any CPU
		{28D89675-24D2-4573-9769-CB030068E71D}.Release|Any CPU.ActiveCfg = Release|Any CPU
		{28D89675-24D2-4573-9769-CB030068E71D}.Release|Any CPU.Build.0 = Release|Any CPU
		{C9100AF8-F5DB-43CA-A8E9-D3753F3E8063}.Debug|Any CPU.ActiveCfg = Debug|Any CPU
		{C9100AF8-F5DB-43CA-A8E9-D3753F3E8063}.Debug|Any CPU.Build.0 = Debug|Any CPU
		{C9100AF8-F5DB-43CA-A8E9-D3753F3E8063}.Release|Any CPU.ActiveCfg = Release|Any CPU
		{C9100AF8-F5DB-43CA-A8E9-D3753F3E8063}.Release|Any CPU.Build.0 = Release|Any CPU
	EndGlobalSection
	GlobalSection(SolutionProperties) = preSolution
		HideSolutionNode = FALSE
	EndGlobalSection
	GlobalSection(ExtensibilityGlobals) = postSolution
		SolutionGuid = {056AE5D0-5EBA-4569-90D9-C44BA0040766}
	EndGlobalSection
EndGlobal
